// !$*UTF8*$!
{
	archiveVersion = 1;
	classes = {
	};
	objectVersion = 50;
	objects = {

/* Begin PBXBuildFile section */
		B638C630275E6CA1000E19CA /* AppDelegate.swift in Sources */ = {isa = PBXBuildFile; fileRef = B638C62F275E6CA1000E19CA /* AppDelegate.swift */; };
		B638C632275E6CA1000E19CA /* SceneDelegate.swift in Sources */ = {isa = PBXBuildFile; fileRef = B638C631275E6CA1000E19CA /* SceneDelegate.swift */; };
		B638C639275E6CA2000E19CA /* Assets.xcassets in Resources */ = {isa = PBXBuildFile; fileRef = B638C638275E6CA2000E19CA /* Assets.xcassets */; };
		B638C63C275E6CA2000E19CA /* LaunchScreen.storyboard in Resources */ = {isa = PBXBuildFile; fileRef = B638C63A275E6CA2000E19CA /* LaunchScreen.storyboard */; };
		B638C647275E6CA2000E19CA /* GBShopTests.swift in Sources */ = {isa = PBXBuildFile; fileRef = B638C646275E6CA2000E19CA /* GBShopTests.swift */; };
		B638C652275E6CA2000E19CA /* GBShopUITests.swift in Sources */ = {isa = PBXBuildFile; fileRef = B638C651275E6CA2000E19CA /* GBShopUITests.swift */; };
/* End PBXBuildFile section */

/* Begin PBXContainerItemProxy section */
		B638C643275E6CA2000E19CA /* PBXContainerItemProxy */ = {
			isa = PBXContainerItemProxy;
			containerPortal = B638C624275E6CA1000E19CA /* Project object */;
			proxyType = 1;
			remoteGlobalIDString = B638C62B275E6CA1000E19CA;
			remoteInfo = GBShop;
		};
		B638C64E275E6CA2000E19CA /* PBXContainerItemProxy */ = {
			isa = PBXContainerItemProxy;
			containerPortal = B638C624275E6CA1000E19CA /* Project object */;
			proxyType = 1;
			remoteGlobalIDString = B638C62B275E6CA1000E19CA;
			remoteInfo = GBShop;
		};
/* End PBXContainerItemProxy section */

/* Begin PBXFileReference section */
		B638C62C275E6CA1000E19CA /* GBShop.app */ = {isa = PBXFileReference; explicitFileType = wrapper.application; includeInIndex = 0; path = GBShop.app; sourceTree = BUILT_PRODUCTS_DIR; };
		B638C62F275E6CA1000E19CA /* AppDelegate.swift */ = {isa = PBXFileReference; lastKnownFileType = sourcecode.swift; path = AppDelegate.swift; sourceTree = "<group>"; };
		B638C631275E6CA1000E19CA /* SceneDelegate.swift */ = {isa = PBXFileReference; lastKnownFileType = sourcecode.swift; path = SceneDelegate.swift; sourceTree = "<group>"; };
		B638C638275E6CA2000E19CA /* Assets.xcassets */ = {isa = PBXFileReference; lastKnownFileType = folder.assetcatalog; path = Assets.xcassets; sourceTree = "<group>"; };
		B638C63B275E6CA2000E19CA /* Base */ = {isa = PBXFileReference; lastKnownFileType = file.storyboard; name = Base; path = Base.lproj/LaunchScreen.storyboard; sourceTree = "<group>"; };
		B638C63D275E6CA2000E19CA /* Info.plist */ = {isa = PBXFileReference; lastKnownFileType = text.plist.xml; path = Info.plist; sourceTree = "<group>"; };
		B638C642275E6CA2000E19CA /* GBShopTests.xctest */ = {isa = PBXFileReference; explicitFileType = wrapper.cfbundle; includeInIndex = 0; path = GBShopTests.xctest; sourceTree = BUILT_PRODUCTS_DIR; };
		B638C646275E6CA2000E19CA /* GBShopTests.swift */ = {isa = PBXFileReference; lastKnownFileType = sourcecode.swift; path = GBShopTests.swift; sourceTree = "<group>"; };
		B638C648275E6CA2000E19CA /* Info.plist */ = {isa = PBXFileReference; lastKnownFileType = text.plist.xml; path = Info.plist; sourceTree = "<group>"; };
		B638C64D275E6CA2000E19CA /* GBShopUITests.xctest */ = {isa = PBXFileReference; explicitFileType = wrapper.cfbundle; includeInIndex = 0; path = GBShopUITests.xctest; sourceTree = BUILT_PRODUCTS_DIR; };
		B638C651275E6CA2000E19CA /* GBShopUITests.swift */ = {isa = PBXFileReference; lastKnownFileType = sourcecode.swift; path = GBShopUITests.swift; sourceTree = "<group>"; };
		B638C653275E6CA2000E19CA /* Info.plist */ = {isa = PBXFileReference; lastKnownFileType = text.plist.xml; path = Info.plist; sourceTree = "<group>"; };
/* End PBXFileReference section */

/* Begin PBXFrameworksBuildPhase section */
		B638C629275E6CA1000E19CA /* Frameworks */ = {
			isa = PBXFrameworksBuildPhase;
			buildActionMask = 2147483647;
			files = (
			);
			runOnlyForDeploymentPostprocessing = 0;
		};
		B638C63F275E6CA2000E19CA /* Frameworks */ = {
			isa = PBXFrameworksBuildPhase;
			buildActionMask = 2147483647;
			files = (
			);
			runOnlyForDeploymentPostprocessing = 0;
		};
		B638C64A275E6CA2000E19CA /* Frameworks */ = {
			isa = PBXFrameworksBuildPhase;
			buildActionMask = 2147483647;
			files = (
			);
			runOnlyForDeploymentPostprocessing = 0;
		};
/* End PBXFrameworksBuildPhase section */

/* Begin PBXGroup section */
		B61C79C427845250002C2E29 /* App */ = {
			isa = PBXGroup;
			children = (
				B638C62F275E6CA1000E19CA /* AppDelegate.swift */,
				B61C79C527845257002C2E29 /* BusinesLogic */,
				B61C79C627845280002C2E29 /* Entity */,
				B61C79C727845290002C2E29 /* Assembly */,
				B61C79C8278452A2002C2E29 /* Flows */,
			);
			path = App;
			sourceTree = "<group>";
		};
		B61C79C527845257002C2E29 /* BusinesLogic */ = {
			isa = PBXGroup;
			children = (
			);
			path = BusinesLogic;
			sourceTree = "<group>";
		};
		B61C79C627845280002C2E29 /* Entity */ = {
			isa = PBXGroup;
			children = (
			);
			path = Entity;
			sourceTree = "<group>";
		};
		B61C79C727845290002C2E29 /* Assembly */ = {
			isa = PBXGroup;
			children = (
			);
			path = Assembly;
			sourceTree = "<group>";
		};
		B61C79C8278452A2002C2E29 /* Flows */ = {
			isa = PBXGroup;
			children = (
			);
			path = Flows;
			sourceTree = "<group>";
		};
		B61C79C92784531F002C2E29 /* Core */ = {
			isa = PBXGroup;
			children = (
			);
			path = Core;
			sourceTree = "<group>";
		};
		B61C79CA27845325002C2E29 /* Resources */ = {
			isa = PBXGroup;
			children = (
				B638C638275E6CA2000E19CA /* Assets.xcassets */,
				B638C63A275E6CA2000E19CA /* LaunchScreen.storyboard */,
			);
			path = Resources;
			sourceTree = "<group>";
		};
		B61C79CB27845336002C2E29 /* Environments */ = {
			isa = PBXGroup;
			children = (
				B638C63D275E6CA2000E19CA /* Info.plist */,
			);
			path = Environments;
			sourceTree = "<group>";
		};
		B638C623275E6CA1000E19CA = {
			isa = PBXGroup;
			children = (
				B638C62E275E6CA1000E19CA /* GBShop */,
				B638C645275E6CA2000E19CA /* GBShopTests */,
				B638C650275E6CA2000E19CA /* GBShopUITests */,
				B638C62D275E6CA1000E19CA /* Products */,
			);
			sourceTree = "<group>";
		};
		B638C62D275E6CA1000E19CA /* Products */ = {
			isa = PBXGroup;
			children = (
				B638C62C275E6CA1000E19CA /* GBShop.app */,
				B638C642275E6CA2000E19CA /* GBShopTests.xctest */,
				B638C64D275E6CA2000E19CA /* GBShopUITests.xctest */,
			);
			name = Products;
			sourceTree = "<group>";
		};
		B638C62E275E6CA1000E19CA /* GBShop */ = {
			isa = PBXGroup;
			children = (
				B61C79CB27845336002C2E29 /* Environments */,
				B61C79CA27845325002C2E29 /* Resources */,
				B61C79C92784531F002C2E29 /* Core */,
				B61C79C427845250002C2E29 /* App */,
				B638C631275E6CA1000E19CA /* SceneDelegate.swift */,
			);
			path = GBShop;
			sourceTree = "<group>";
		};
		B638C645275E6CA2000E19CA /* GBShopTests */ = {
			isa = PBXGroup;
			children = (
				B638C646275E6CA2000E19CA /* GBShopTests.swift */,
				B638C648275E6CA2000E19CA /* Info.plist */,
			);
			path = GBShopTests;
			sourceTree = "<group>";
		};
		B638C650275E6CA2000E19CA /* GBShopUITests */ = {
			isa = PBXGroup;
			children = (
				B638C651275E6CA2000E19CA /* GBShopUITests.swift */,
				B638C653275E6CA2000E19CA /* Info.plist */,
			);
			path = GBShopUITests;
			sourceTree = "<group>";
		};
/* End PBXGroup section */

/* Begin PBXNativeTarget section */
		B638C62B275E6CA1000E19CA /* GBShop */ = {
			isa = PBXNativeTarget;
			buildConfigurationList = B638C656275E6CA2000E19CA /* Build configuration list for PBXNativeTarget "GBShop" */;
			buildPhases = (
				B638C628275E6CA1000E19CA /* Sources */,
				B638C629275E6CA1000E19CA /* Frameworks */,
				B638C62A275E6CA1000E19CA /* Resources */,
			);
			buildRules = (
			);
			dependencies = (
			);
			name = GBShop;
			productName = GBShop;
			productReference = B638C62C275E6CA1000E19CA /* GBShop.app */;
			productType = "com.apple.product-type.application";
		};
		B638C641275E6CA2000E19CA /* GBShopTests */ = {
			isa = PBXNativeTarget;
			buildConfigurationList = B638C659275E6CA2000E19CA /* Build configuration list for PBXNativeTarget "GBShopTests" */;
			buildPhases = (
				B638C63E275E6CA2000E19CA /* Sources */,
				B638C63F275E6CA2000E19CA /* Frameworks */,
				B638C640275E6CA2000E19CA /* Resources */,
			);
			buildRules = (
			);
			dependencies = (
				B638C644275E6CA2000E19CA /* PBXTargetDependency */,
			);
			name = GBShopTests;
			productName = GBShopTests;
			productReference = B638C642275E6CA2000E19CA /* GBShopTests.xctest */;
			productType = "com.apple.product-type.bundle.unit-test";
		};
		B638C64C275E6CA2000E19CA /* GBShopUITests */ = {
			isa = PBXNativeTarget;
			buildConfigurationList = B638C65C275E6CA2000E19CA /* Build configuration list for PBXNativeTarget "GBShopUITests" */;
			buildPhases = (
				B638C649275E6CA2000E19CA /* Sources */,
				B638C64A275E6CA2000E19CA /* Frameworks */,
				B638C64B275E6CA2000E19CA /* Resources */,
			);
			buildRules = (
			);
			dependencies = (
				B638C64F275E6CA2000E19CA /* PBXTargetDependency */,
			);
			name = GBShopUITests;
			productName = GBShopUITests;
			productReference = B638C64D275E6CA2000E19CA /* GBShopUITests.xctest */;
			productType = "com.apple.product-type.bundle.ui-testing";
		};
/* End PBXNativeTarget section */

/* Begin PBXProject section */
		B638C624275E6CA1000E19CA /* Project object */ = {
			isa = PBXProject;
			attributes = {
				LastSwiftUpdateCheck = 1250;
				LastUpgradeCheck = 1250;
				TargetAttributes = {
					B638C62B275E6CA1000E19CA = {
						CreatedOnToolsVersion = 12.5.1;
					};
					B638C641275E6CA2000E19CA = {
						CreatedOnToolsVersion = 12.5.1;
						TestTargetID = B638C62B275E6CA1000E19CA;
					};
					B638C64C275E6CA2000E19CA = {
						CreatedOnToolsVersion = 12.5.1;
						TestTargetID = B638C62B275E6CA1000E19CA;
					};
				};
			};
			buildConfigurationList = B638C627275E6CA1000E19CA /* Build configuration list for PBXProject "GBShop" */;
			compatibilityVersion = "Xcode 9.3";
			developmentRegion = en;
			hasScannedForEncodings = 0;
			knownRegions = (
				en,
				Base,
			);
			mainGroup = B638C623275E6CA1000E19CA;
			productRefGroup = B638C62D275E6CA1000E19CA /* Products */;
			projectDirPath = "";
			projectRoot = "";
			targets = (
				B638C62B275E6CA1000E19CA /* GBShop */,
				B638C641275E6CA2000E19CA /* GBShopTests */,
				B638C64C275E6CA2000E19CA /* GBShopUITests */,
			);
		};
/* End PBXProject section */

/* Begin PBXResourcesBuildPhase section */
		B638C62A275E6CA1000E19CA /* Resources */ = {
			isa = PBXResourcesBuildPhase;
			buildActionMask = 2147483647;
			files = (
				B638C63C275E6CA2000E19CA /* LaunchScreen.storyboard in Resources */,
				B638C639275E6CA2000E19CA /* Assets.xcassets in Resources */,
			);
			runOnlyForDeploymentPostprocessing = 0;
		};
		B638C640275E6CA2000E19CA /* Resources */ = {
			isa = PBXResourcesBuildPhase;
			buildActionMask = 2147483647;
			files = (
			);
			runOnlyForDeploymentPostprocessing = 0;
		};
		B638C64B275E6CA2000E19CA /* Resources */ = {
			isa = PBXResourcesBuildPhase;
			buildActionMask = 2147483647;
			files = (
			);
			runOnlyForDeploymentPostprocessing = 0;
		};
/* End PBXResourcesBuildPhase section */

/* Begin PBXSourcesBuildPhase section */
		B638C628275E6CA1000E19CA /* Sources */ = {
			isa = PBXSourcesBuildPhase;
			buildActionMask = 2147483647;
			files = (
				B638C630275E6CA1000E19CA /* AppDelegate.swift in Sources */,
				B638C632275E6CA1000E19CA /* SceneDelegate.swift in Sources */,
			);
			runOnlyForDeploymentPostprocessing = 0;
		};
		B638C63E275E6CA2000E19CA /* Sources */ = {
			isa = PBXSourcesBuildPhase;
			buildActionMask = 2147483647;
			files = (
				B638C647275E6CA2000E19CA /* GBShopTests.swift in Sources */,
			);
			runOnlyForDeploymentPostprocessing = 0;
		};
		B638C649275E6CA2000E19CA /* Sources */ = {
			isa = PBXSourcesBuildPhase;
			buildActionMask = 2147483647;
			files = (
				B638C652275E6CA2000E19CA /* GBShopUITests.swift in Sources */,
			);
			runOnlyForDeploymentPostprocessing = 0;
		};
/* End PBXSourcesBuildPhase section */

/* Begin PBXTargetDependency section */
		B638C644275E6CA2000E19CA /* PBXTargetDependency */ = {
			isa = PBXTargetDependency;
			target = B638C62B275E6CA1000E19CA /* GBShop */;
			targetProxy = B638C643275E6CA2000E19CA /* PBXContainerItemProxy */;
		};
		B638C64F275E6CA2000E19CA /* PBXTargetDependency */ = {
			isa = PBXTargetDependency;
			target = B638C62B275E6CA1000E19CA /* GBShop */;
			targetProxy = B638C64E275E6CA2000E19CA /* PBXContainerItemProxy */;
		};
/* End PBXTargetDependency section */

/* Begin PBXVariantGroup section */
		B638C63A275E6CA2000E19CA /* LaunchScreen.storyboard */ = {
			isa = PBXVariantGroup;
			children = (
				B638C63B275E6CA2000E19CA /* Base */,
			);
			name = LaunchScreen.storyboard;
			sourceTree = "<group>";
		};
/* End PBXVariantGroup section */

/* Begin XCBuildConfiguration section */
		B638C654275E6CA2000E19CA /* Debug */ = {
			isa = XCBuildConfiguration;
			buildSettings = {
				ALWAYS_SEARCH_USER_PATHS = NO;
				CLANG_ANALYZER_NONNULL = YES;
				CLANG_ANALYZER_NUMBER_OBJECT_CONVERSION = YES_AGGRESSIVE;
				CLANG_CXX_LANGUAGE_STANDARD = "gnu++14";
				CLANG_CXX_LIBRARY = "libc++";
				CLANG_ENABLE_MODULES = YES;
				CLANG_ENABLE_OBJC_ARC = YES;
				CLANG_ENABLE_OBJC_WEAK = YES;
				CLANG_WARN_BLOCK_CAPTURE_AUTORELEASING = YES;
				CLANG_WARN_BOOL_CONVERSION = YES;
				CLANG_WARN_COMMA = YES;
				CLANG_WARN_CONSTANT_CONVERSION = YES;
				CLANG_WARN_DEPRECATED_OBJC_IMPLEMENTATIONS = YES;
				CLANG_WARN_DIRECT_OBJC_ISA_USAGE = YES_ERROR;
				CLANG_WARN_DOCUMENTATION_COMMENTS = YES;
				CLANG_WARN_EMPTY_BODY = YES;
				CLANG_WARN_ENUM_CONVERSION = YES;
				CLANG_WARN_INFINITE_RECURSION = YES;
				CLANG_WARN_INT_CONVERSION = YES;
				CLANG_WARN_NON_LITERAL_NULL_CONVERSION = YES;
				CLANG_WARN_OBJC_IMPLICIT_RETAIN_SELF = YES;
				CLANG_WARN_OBJC_LITERAL_CONVERSION = YES;
				CLANG_WARN_OBJC_ROOT_CLASS = YES_ERROR;
				CLANG_WARN_QUOTED_INCLUDE_IN_FRAMEWORK_HEADER = YES;
				CLANG_WARN_RANGE_LOOP_ANALYSIS = YES;
				CLANG_WARN_STRICT_PROTOTYPES = YES;
				CLANG_WARN_SUSPICIOUS_MOVE = YES;
				CLANG_WARN_UNGUARDED_AVAILABILITY = YES_AGGRESSIVE;
				CLANG_WARN_UNREACHABLE_CODE = YES;
				CLANG_WARN__DUPLICATE_METHOD_MATCH = YES;
				COPY_PHASE_STRIP = NO;
				DEBUG_INFORMATION_FORMAT = dwarf;
				ENABLE_STRICT_OBJC_MSGSEND = YES;
				ENABLE_TESTABILITY = YES;
				GCC_C_LANGUAGE_STANDARD = gnu11;
				GCC_DYNAMIC_NO_PIC = NO;
				GCC_NO_COMMON_BLOCKS = YES;
				GCC_OPTIMIZATION_LEVEL = 0;
				GCC_PREPROCESSOR_DEFINITIONS = (
					"DEBUG=1",
					"$(inherited)",
				);
				GCC_WARN_64_TO_32_BIT_CONVERSION = YES;
				GCC_WARN_ABOUT_RETURN_TYPE = YES_ERROR;
				GCC_WARN_UNDECLARED_SELECTOR = YES;
				GCC_WARN_UNINITIALIZED_AUTOS = YES_AGGRESSIVE;
				GCC_WARN_UNUSED_FUNCTION = YES;
				GCC_WARN_UNUSED_VARIABLE = YES;
				IPHONEOS_DEPLOYMENT_TARGET = 14.5;
				MTL_ENABLE_DEBUG_INFO = INCLUDE_SOURCE;
				MTL_FAST_MATH = YES;
				ONLY_ACTIVE_ARCH = YES;
				SDKROOT = iphoneos;
				SWIFT_ACTIVE_COMPILATION_CONDITIONS = DEBUG;
				SWIFT_OPTIMIZATION_LEVEL = "-Onone";
			};
			name = Debug;
		};
		B638C655275E6CA2000E19CA /* Release */ = {
			isa = XCBuildConfiguration;
			buildSettings = {
				ALWAYS_SEARCH_USER_PATHS = NO;
				CLANG_ANALYZER_NONNULL = YES;
				CLANG_ANALYZER_NUMBER_OBJECT_CONVERSION = YES_AGGRESSIVE;
				CLANG_CXX_LANGUAGE_STANDARD = "gnu++14";
				CLANG_CXX_LIBRARY = "libc++";
				CLANG_ENABLE_MODULES = YES;
				CLANG_ENABLE_OBJC_ARC = YES;
				CLANG_ENABLE_OBJC_WEAK = YES;
				CLANG_WARN_BLOCK_CAPTURE_AUTORELEASING = YES;
				CLANG_WARN_BOOL_CONVERSION = YES;
				CLANG_WARN_COMMA = YES;
				CLANG_WARN_CONSTANT_CONVERSION = YES;
				CLANG_WARN_DEPRECATED_OBJC_IMPLEMENTATIONS = YES;
				CLANG_WARN_DIRECT_OBJC_ISA_USAGE = YES_ERROR;
				CLANG_WARN_DOCUMENTATION_COMMENTS = YES;
				CLANG_WARN_EMPTY_BODY = YES;
				CLANG_WARN_ENUM_CONVERSION = YES;
				CLANG_WARN_INFINITE_RECURSION = YES;
				CLANG_WARN_INT_CONVERSION = YES;
				CLANG_WARN_NON_LITERAL_NULL_CONVERSION = YES;
				CLANG_WARN_OBJC_IMPLICIT_RETAIN_SELF = YES;
				CLANG_WARN_OBJC_LITERAL_CONVERSION = YES;
				CLANG_WARN_OBJC_ROOT_CLASS = YES_ERROR;
				CLANG_WARN_QUOTED_INCLUDE_IN_FRAMEWORK_HEADER = YES;
				CLANG_WARN_RANGE_LOOP_ANALYSIS = YES;
				CLANG_WARN_STRICT_PROTOTYPES = YES;
				CLANG_WARN_SUSPICIOUS_MOVE = YES;
				CLANG_WARN_UNGUARDED_AVAILABILITY = YES_AGGRESSIVE;
				CLANG_WARN_UNREACHABLE_CODE = YES;
				CLANG_WARN__DUPLICATE_METHOD_MATCH = YES;
				COPY_PHASE_STRIP = NO;
				DEBUG_INFORMATION_FORMAT = "dwarf-with-dsym";
				ENABLE_NS_ASSERTIONS = NO;
				ENABLE_STRICT_OBJC_MSGSEND = YES;
				GCC_C_LANGUAGE_STANDARD = gnu11;
				GCC_NO_COMMON_BLOCKS = YES;
				GCC_WARN_64_TO_32_BIT_CONVERSION = YES;
				GCC_WARN_ABOUT_RETURN_TYPE = YES_ERROR;
				GCC_WARN_UNDECLARED_SELECTOR = YES;
				GCC_WARN_UNINITIALIZED_AUTOS = YES_AGGRESSIVE;
				GCC_WARN_UNUSED_FUNCTION = YES;
				GCC_WARN_UNUSED_VARIABLE = YES;
				IPHONEOS_DEPLOYMENT_TARGET = 14.5;
				MTL_ENABLE_DEBUG_INFO = NO;
				MTL_FAST_MATH = YES;
				SDKROOT = iphoneos;
				SWIFT_COMPILATION_MODE = wholemodule;
				SWIFT_OPTIMIZATION_LEVEL = "-O";
				VALIDATE_PRODUCT = YES;
			};
			name = Release;
		};
		B638C657275E6CA2000E19CA /* Debug */ = {
			isa = XCBuildConfiguration;
			buildSettings = {
				ASSETCATALOG_COMPILER_APPICON_NAME = AppIcon;
				ASSETCATALOG_COMPILER_GLOBAL_ACCENT_COLOR_NAME = AccentColor;
				CODE_SIGN_STYLE = Automatic;
				DEVELOPMENT_TEAM = 4KZXD5977U;
				INFOPLIST_FILE = GBShop/Info.plist;
				LD_RUNPATH_SEARCH_PATHS = (
					"$(inherited)",
					"@executable_path/Frameworks",
				);
				PRODUCT_BUNDLE_IDENTIFIER = "Pavel-Chernyaev.GBShop";
				PRODUCT_NAME = "$(TARGET_NAME)";
				SWIFT_VERSION = 5.0;
				TARGETED_DEVICE_FAMILY = "1,2";
			};
			name = Debug;
		};
		B638C658275E6CA2000E19CA /* Release */ = {
			isa = XCBuildConfiguration;
			buildSettings = {
				ASSETCATALOG_COMPILER_APPICON_NAME = AppIcon;
				ASSETCATALOG_COMPILER_GLOBAL_ACCENT_COLOR_NAME = AccentColor;
				CODE_SIGN_STYLE = Automatic;
				DEVELOPMENT_TEAM = 4KZXD5977U;
				INFOPLIST_FILE = GBShop/Info.plist;
				LD_RUNPATH_SEARCH_PATHS = (
					"$(inherited)",
					"@executable_path/Frameworks",
				);
				PRODUCT_BUNDLE_IDENTIFIER = "Pavel-Chernyaev.GBShop";
				PRODUCT_NAME = "$(TARGET_NAME)";
				SWIFT_VERSION = 5.0;
				TARGETED_DEVICE_FAMILY = "1,2";
			};
			name = Release;
		};
		B638C65A275E6CA2000E19CA /* Debug */ = {
			isa = XCBuildConfiguration;
			buildSettings = {
				ALWAYS_EMBED_SWIFT_STANDARD_LIBRARIES = YES;
				BUNDLE_LOADER = "$(TEST_HOST)";
				CODE_SIGN_STYLE = Automatic;
				DEVELOPMENT_TEAM = 4KZXD5977U;
				INFOPLIST_FILE = GBShopTests/Info.plist;
				IPHONEOS_DEPLOYMENT_TARGET = 14.5;
				LD_RUNPATH_SEARCH_PATHS = (
					"$(inherited)",
					"@executable_path/Frameworks",
					"@loader_path/Frameworks",
				);
				PRODUCT_BUNDLE_IDENTIFIER = "Pavel-Chernyaev.GBShopTests";
				PRODUCT_NAME = "$(TARGET_NAME)";
				SWIFT_VERSION = 5.0;
				TARGETED_DEVICE_FAMILY = "1,2";
				TEST_HOST = "$(BUILT_PRODUCTS_DIR)/GBShop.app/GBShop";
			};
			name = Debug;
		};
		B638C65B275E6CA2000E19CA /* Release */ = {
			isa = XCBuildConfiguration;
			buildSettings = {
				ALWAYS_EMBED_SWIFT_STANDARD_LIBRARIES = YES;
				BUNDLE_LOADER = "$(TEST_HOST)";
				CODE_SIGN_STYLE = Automatic;
				DEVELOPMENT_TEAM = 4KZXD5977U;
				INFOPLIST_FILE = GBShopTests/Info.plist;
				IPHONEOS_DEPLOYMENT_TARGET = 14.5;
				LD_RUNPATH_SEARCH_PATHS = (
					"$(inherited)",
					"@executable_path/Frameworks",
					"@loader_path/Frameworks",
				);
				PRODUCT_BUNDLE_IDENTIFIER = "Pavel-Chernyaev.GBShopTests";
				PRODUCT_NAME = "$(TARGET_NAME)";
				SWIFT_VERSION = 5.0;
				TARGETED_DEVICE_FAMILY = "1,2";
				TEST_HOST = "$(BUILT_PRODUCTS_DIR)/GBShop.app/GBShop";
			};
			name = Release;
		};
		B638C65D275E6CA2000E19CA /* Debug */ = {
			isa = XCBuildConfiguration;
			buildSettings = {
				ALWAYS_EMBED_SWIFT_STANDARD_LIBRARIES = YES;
				CODE_SIGN_STYLE = Automatic;
				DEVELOPMENT_TEAM = 4KZXD5977U;
				INFOPLIST_FILE = GBShopUITests/Info.plist;
				LD_RUNPATH_SEARCH_PATHS = (
					"$(inherited)",
					"@executable_path/Frameworks",
					"@loader_path/Frameworks",
				);
				PRODUCT_BUNDLE_IDENTIFIER = "Pavel-Chernyaev.GBShopUITests";
				PRODUCT_NAME = "$(TARGET_NAME)";
				SWIFT_VERSION = 5.0;
				TARGETED_DEVICE_FAMILY = "1,2";
				TEST_TARGET_NAME = GBShop;
			};
			name = Debug;
		};
		B638C65E275E6CA2000E19CA /* Release */ = {
			isa = XCBuildConfiguration;
			buildSettings = {
				ALWAYS_EMBED_SWIFT_STANDARD_LIBRARIES = YES;
				CODE_SIGN_STYLE = Automatic;
				DEVELOPMENT_TEAM = 4KZXD5977U;
				INFOPLIST_FILE = GBShopUITests/Info.plist;
				LD_RUNPATH_SEARCH_PATHS = (
					"$(inherited)",
					"@executable_path/Frameworks",
					"@loader_path/Frameworks",
				);
				PRODUCT_BUNDLE_IDENTIFIER = "Pavel-Chernyaev.GBShopUITests";
				PRODUCT_NAME = "$(TARGET_NAME)";
				SWIFT_VERSION = 5.0;
				TARGETED_DEVICE_FAMILY = "1,2";
				TEST_TARGET_NAME = GBShop;
			};
			name = Release;
		};
/* End XCBuildConfiguration section */

/* Begin XCConfigurationList section */
		B638C627275E6CA1000E19CA /* Build configuration list for PBXProject "GBShop" */ = {
			isa = XCConfigurationList;
			buildConfigurations = (
				B638C654275E6CA2000E19CA /* Debug */,
				B638C655275E6CA2000E19CA /* Release */,
			);
			defaultConfigurationIsVisible = 0;
			defaultConfigurationName = Release;
		};
		B638C656275E6CA2000E19CA /* Build configuration list for PBXNativeTarget "GBShop" */ = {
			isa = XCConfigurationList;
			buildConfigurations = (
				B638C657275E6CA2000E19CA /* Debug */,
				B638C658275E6CA2000E19CA /* Release */,
			);
			defaultConfigurationIsVisible = 0;
			defaultConfigurationName = Release;
		};
		B638C659275E6CA2000E19CA /* Build configuration list for PBXNativeTarget "GBShopTests" */ = {
			isa = XCConfigurationList;
			buildConfigurations = (
				B638C65A275E6CA2000E19CA /* Debug */,
				B638C65B275E6CA2000E19CA /* Release */,
			);
			defaultConfigurationIsVisible = 0;
			defaultConfigurationName = Release;
		};
		B638C65C275E6CA2000E19CA /* Build configuration list for PBXNativeTarget "GBShopUITests" */ = {
			isa = XCConfigurationList;
			buildConfigurations = (
				B638C65D275E6CA2000E19CA /* Debug */,
				B638C65E275E6CA2000E19CA /* Release */,
			);
			defaultConfigurationIsVisible = 0;
			defaultConfigurationName = Release;
		};
/* End XCConfigurationList section */
	};
	rootObject = B638C624275E6CA1000E19CA /* Project object */;
}
