// !$*UTF8*$!
{
	archiveVersion = 1;
	classes = {
	};
	objectVersion = 51;
	objects = {

/* Begin PBXBuildFile section */
		1114F912F035656DF1192B90 /* Pods_GBShopTests.framework in Frameworks */ = {isa = PBXBuildFile; fileRef = 979F7E5C889DB4AA0F299F38 /* Pods_GBShopTests.framework */; };
		148535823D5F15F4A4D4110F /* Pods_GBShop_GBShopUITests.framework in Frameworks */ = {isa = PBXBuildFile; fileRef = B7145424A80C834A36B2318B /* Pods_GBShop_GBShopUITests.framework */; };
		29182A862C20BB298A329D21 /* Pods_GBShop.framework in Frameworks */ = {isa = PBXBuildFile; fileRef = 9E21711723843685A315B3F1 /* Pods_GBShop.framework */; };
		B61C79CE27992CE6002C2E29 /* AbstractErrorParser.swift in Sources */ = {isa = PBXBuildFile; fileRef = B61C79CD27992CE6002C2E29 /* AbstractErrorParser.swift */; };
		B61C79D027992CF9002C2E29 /* ErrorParser.swift in Sources */ = {isa = PBXBuildFile; fileRef = B61C79CF27992CF9002C2E29 /* ErrorParser.swift */; };
		B61C79D227992D15002C2E29 /* ResponseCodable.swift in Sources */ = {isa = PBXBuildFile; fileRef = B61C79D127992D15002C2E29 /* ResponseCodable.swift */; };
		B61C79D427992D25002C2E29 /* AbstactRequestFactory.swift in Sources */ = {isa = PBXBuildFile; fileRef = B61C79D327992D25002C2E29 /* AbstactRequestFactory.swift */; };
		B61C79D627992D38002C2E29 /* RequestRouter.swift in Sources */ = {isa = PBXBuildFile; fileRef = B61C79D527992D38002C2E29 /* RequestRouter.swift */; };
		B61C79D827992D95002C2E29 /* LoginResult.swift in Sources */ = {isa = PBXBuildFile; fileRef = B61C79D727992D95002C2E29 /* LoginResult.swift */; };
		B61C79DA27992DA7002C2E29 /* User.swift in Sources */ = {isa = PBXBuildFile; fileRef = B61C79D927992DA7002C2E29 /* User.swift */; };
		B61C79DD27992DD0002C2E29 /* AuthRequestFactory.swift in Sources */ = {isa = PBXBuildFile; fileRef = B61C79DC27992DD0002C2E29 /* AuthRequestFactory.swift */; };
		B61C79DF27992DDC002C2E29 /* Auth.swift in Sources */ = {isa = PBXBuildFile; fileRef = B61C79DE27992DDC002C2E29 /* Auth.swift */; };
		B61C79E127992DEF002C2E29 /* RequestFactory.swift in Sources */ = {isa = PBXBuildFile; fileRef = B61C79E027992DEF002C2E29 /* RequestFactory.swift */; };
		B61C79E32799333B002C2E29 /* DataRequest.swift in Sources */ = {isa = PBXBuildFile; fileRef = B61C79E22799333B002C2E29 /* DataRequest.swift */; };
		B61E707F279968EC00510D82 /* ResponseResult.swift in Sources */ = {isa = PBXBuildFile; fileRef = B61E707E279968EC00510D82 /* ResponseResult.swift */; };
		B61E708127996B4100510D82 /* Genger.swift in Sources */ = {isa = PBXBuildFile; fileRef = B61E708027996B4100510D82 /* Genger.swift */; };
		B61E7083279E706400510D82 /* ResponseCodableTests.swift in Sources */ = {isa = PBXBuildFile; fileRef = B61E7082279E706400510D82 /* ResponseCodableTests.swift */; };
		B61E7085279E856F00510D82 /* AuthTests.swift in Sources */ = {isa = PBXBuildFile; fileRef = B61E7084279E856F00510D82 /* AuthTests.swift */; };
		B61E7087279E894900510D82 /* Product.swift in Sources */ = {isa = PBXBuildFile; fileRef = B61E7086279E894900510D82 /* Product.swift */; };
		B61E708B279E9BF300510D82 /* ProductRequestFctory.swift in Sources */ = {isa = PBXBuildFile; fileRef = B61E708A279E9BF200510D82 /* ProductRequestFctory.swift */; };
		B61E708D279E9D9200510D82 /* ProductList.swift in Sources */ = {isa = PBXBuildFile; fileRef = B61E708C279E9D9200510D82 /* ProductList.swift */; };
		B638C630275E6CA1000E19CA /* AppDelegate.swift in Sources */ = {isa = PBXBuildFile; fileRef = B638C62F275E6CA1000E19CA /* AppDelegate.swift */; };
		B638C632275E6CA1000E19CA /* SceneDelegate.swift in Sources */ = {isa = PBXBuildFile; fileRef = B638C631275E6CA1000E19CA /* SceneDelegate.swift */; };
		B638C639275E6CA2000E19CA /* Assets.xcassets in Resources */ = {isa = PBXBuildFile; fileRef = B638C638275E6CA2000E19CA /* Assets.xcassets */; };
		B638C63C275E6CA2000E19CA /* LaunchScreen.storyboard in Resources */ = {isa = PBXBuildFile; fileRef = B638C63A275E6CA2000E19CA /* LaunchScreen.storyboard */; };
		B638C652275E6CA2000E19CA /* GBShopUITests.swift in Sources */ = {isa = PBXBuildFile; fileRef = B638C651275E6CA2000E19CA /* GBShopUITests.swift */; };
		B652719B27A29551004D17E5 /* ReviewRequestFactory.swift in Sources */ = {isa = PBXBuildFile; fileRef = B652719A27A29551004D17E5 /* ReviewRequestFactory.swift */; };
		B652719D27A29620004D17E5 /* ResultUserMessage.swift in Sources */ = {isa = PBXBuildFile; fileRef = B652719C27A29620004D17E5 /* ResultUserMessage.swift */; };
		B652719F27A2971F004D17E5 /* Review.swift in Sources */ = {isa = PBXBuildFile; fileRef = B652719E27A2971F004D17E5 /* Review.swift */; };
		B65271A227AE9FE6004D17E5 /* BasketRequestFactory.swift in Sources */ = {isa = PBXBuildFile; fileRef = B65271A127AE9FE6004D17E5 /* BasketRequestFactory.swift */; };
		B65271A427AEA095004D17E5 /* Basket.swift in Sources */ = {isa = PBXBuildFile; fileRef = B65271A327AEA095004D17E5 /* Basket.swift */; };
		B65271A627B16871004D17E5 /* AuthViewController.swift in Sources */ = {isa = PBXBuildFile; fileRef = B65271A527B16871004D17E5 /* AuthViewController.swift */; };
		B65271A827B1B1FF004D17E5 /* NetworkModel.swift in Sources */ = {isa = PBXBuildFile; fileRef = B65271A727B1B1FF004D17E5 /* NetworkModel.swift */; };
		B65271AA27B1B9F6004D17E5 /* AuthBussinesModel.swift in Sources */ = {isa = PBXBuildFile; fileRef = B65271A927B1B9F6004D17E5 /* AuthBussinesModel.swift */; };
		B65271AC27B1BD66004D17E5 /* AuthFunction.swift in Sources */ = {isa = PBXBuildFile; fileRef = B65271AB27B1BD66004D17E5 /* AuthFunction.swift */; };
		B65271AE27B1BEBB004D17E5 /* BasketFunction.swift in Sources */ = {isa = PBXBuildFile; fileRef = B65271AD27B1BEBB004D17E5 /* BasketFunction.swift */; };
		B65271B027B1BEF5004D17E5 /* ReviewFunction.swift in Sources */ = {isa = PBXBuildFile; fileRef = B65271AF27B1BEF5004D17E5 /* ReviewFunction.swift */; };
		B65271B227B1BF1C004D17E5 /* ProductFunction.swift in Sources */ = {isa = PBXBuildFile; fileRef = B65271B127B1BF1C004D17E5 /* ProductFunction.swift */; };
		B65271B427B65C9C004D17E5 /* ProductBussinesModel.swift in Sources */ = {isa = PBXBuildFile; fileRef = B65271B327B65C9C004D17E5 /* ProductBussinesModel.swift */; };
		B65271B627B65D97004D17E5 /* ReviewBussinesModel.swift in Sources */ = {isa = PBXBuildFile; fileRef = B65271B527B65D97004D17E5 /* ReviewBussinesModel.swift */; };
		B65271B827B65E77004D17E5 /* BasketBussinesModel.swift in Sources */ = {isa = PBXBuildFile; fileRef = B65271B727B65E77004D17E5 /* BasketBussinesModel.swift */; };
/* End PBXBuildFile section */

/* Begin PBXContainerItemProxy section */
		B638C643275E6CA2000E19CA /* PBXContainerItemProxy */ = {
			isa = PBXContainerItemProxy;
			containerPortal = B638C624275E6CA1000E19CA /* Project object */;
			proxyType = 1;
			remoteGlobalIDString = B638C62B275E6CA1000E19CA;
			remoteInfo = GBShop;
		};
		B638C64E275E6CA2000E19CA /* PBXContainerItemProxy */ = {
			isa = PBXContainerItemProxy;
			containerPortal = B638C624275E6CA1000E19CA /* Project object */;
			proxyType = 1;
			remoteGlobalIDString = B638C62B275E6CA1000E19CA;
			remoteInfo = GBShop;
		};
/* End PBXContainerItemProxy section */

/* Begin PBXFileReference section */
		09B377D58D5BF105867FAD74 /* Pods-GBShop-GBShopUITests.release.xcconfig */ = {isa = PBXFileReference; includeInIndex = 1; lastKnownFileType = text.xcconfig; name = "Pods-GBShop-GBShopUITests.release.xcconfig"; path = "Target Support Files/Pods-GBShop-GBShopUITests/Pods-GBShop-GBShopUITests.release.xcconfig"; sourceTree = "<group>"; };
		199259EF144AB7D4F241814F /* Pods-GBShop-GBShopUITests.debug.xcconfig */ = {isa = PBXFileReference; includeInIndex = 1; lastKnownFileType = text.xcconfig; name = "Pods-GBShop-GBShopUITests.debug.xcconfig"; path = "Target Support Files/Pods-GBShop-GBShopUITests/Pods-GBShop-GBShopUITests.debug.xcconfig"; sourceTree = "<group>"; };
		487325C1ECFC3FEEB77DC9FE /* Pods-GBShopTests.release.xcconfig */ = {isa = PBXFileReference; includeInIndex = 1; lastKnownFileType = text.xcconfig; name = "Pods-GBShopTests.release.xcconfig"; path = "Target Support Files/Pods-GBShopTests/Pods-GBShopTests.release.xcconfig"; sourceTree = "<group>"; };
		979F7E5C889DB4AA0F299F38 /* Pods_GBShopTests.framework */ = {isa = PBXFileReference; explicitFileType = wrapper.framework; includeInIndex = 0; path = Pods_GBShopTests.framework; sourceTree = BUILT_PRODUCTS_DIR; };
		9E21711723843685A315B3F1 /* Pods_GBShop.framework */ = {isa = PBXFileReference; explicitFileType = wrapper.framework; includeInIndex = 0; path = Pods_GBShop.framework; sourceTree = BUILT_PRODUCTS_DIR; };
		AC1468CE9FDA5D9B69D7AC22 /* Pods-GBShopTests.debug.xcconfig */ = {isa = PBXFileReference; includeInIndex = 1; lastKnownFileType = text.xcconfig; name = "Pods-GBShopTests.debug.xcconfig"; path = "Target Support Files/Pods-GBShopTests/Pods-GBShopTests.debug.xcconfig"; sourceTree = "<group>"; };
		B61C79CD27992CE6002C2E29 /* AbstractErrorParser.swift */ = {isa = PBXFileReference; lastKnownFileType = sourcecode.swift; path = AbstractErrorParser.swift; sourceTree = "<group>"; };
		B61C79CF27992CF9002C2E29 /* ErrorParser.swift */ = {isa = PBXFileReference; lastKnownFileType = sourcecode.swift; path = ErrorParser.swift; sourceTree = "<group>"; };
		B61C79D127992D15002C2E29 /* ResponseCodable.swift */ = {isa = PBXFileReference; lastKnownFileType = sourcecode.swift; path = ResponseCodable.swift; sourceTree = "<group>"; };
		B61C79D327992D25002C2E29 /* AbstactRequestFactory.swift */ = {isa = PBXFileReference; lastKnownFileType = sourcecode.swift; path = AbstactRequestFactory.swift; sourceTree = "<group>"; };
		B61C79D527992D38002C2E29 /* RequestRouter.swift */ = {isa = PBXFileReference; lastKnownFileType = sourcecode.swift; path = RequestRouter.swift; sourceTree = "<group>"; };
		B61C79D727992D95002C2E29 /* LoginResult.swift */ = {isa = PBXFileReference; lastKnownFileType = sourcecode.swift; path = LoginResult.swift; sourceTree = "<group>"; };
		B61C79D927992DA7002C2E29 /* User.swift */ = {isa = PBXFileReference; lastKnownFileType = sourcecode.swift; path = User.swift; sourceTree = "<group>"; };
		B61C79DC27992DD0002C2E29 /* AuthRequestFactory.swift */ = {isa = PBXFileReference; lastKnownFileType = sourcecode.swift; path = AuthRequestFactory.swift; sourceTree = "<group>"; };
		B61C79DE27992DDC002C2E29 /* Auth.swift */ = {isa = PBXFileReference; lastKnownFileType = sourcecode.swift; path = Auth.swift; sourceTree = "<group>"; };
		B61C79E027992DEF002C2E29 /* RequestFactory.swift */ = {isa = PBXFileReference; lastKnownFileType = sourcecode.swift; path = RequestFactory.swift; sourceTree = "<group>"; };
		B61C79E22799333B002C2E29 /* DataRequest.swift */ = {isa = PBXFileReference; lastKnownFileType = sourcecode.swift; path = DataRequest.swift; sourceTree = "<group>"; };
		B61E707E279968EC00510D82 /* ResponseResult.swift */ = {isa = PBXFileReference; lastKnownFileType = sourcecode.swift; path = ResponseResult.swift; sourceTree = "<group>"; };
		B61E708027996B4100510D82 /* Genger.swift */ = {isa = PBXFileReference; lastKnownFileType = sourcecode.swift; path = Genger.swift; sourceTree = "<group>"; };
		B61E7082279E706400510D82 /* ResponseCodableTests.swift */ = {isa = PBXFileReference; lastKnownFileType = sourcecode.swift; path = ResponseCodableTests.swift; sourceTree = "<group>"; };
		B61E7084279E856F00510D82 /* AuthTests.swift */ = {isa = PBXFileReference; lastKnownFileType = sourcecode.swift; path = AuthTests.swift; sourceTree = "<group>"; };
		B61E7086279E894900510D82 /* Product.swift */ = {isa = PBXFileReference; lastKnownFileType = sourcecode.swift; path = Product.swift; sourceTree = "<group>"; };
		B61E708A279E9BF200510D82 /* ProductRequestFctory.swift */ = {isa = PBXFileReference; lastKnownFileType = sourcecode.swift; path = ProductRequestFctory.swift; sourceTree = "<group>"; };
		B61E708C279E9D9200510D82 /* ProductList.swift */ = {isa = PBXFileReference; lastKnownFileType = sourcecode.swift; path = ProductList.swift; sourceTree = "<group>"; };
		B638C62C275E6CA1000E19CA /* GBShop.app */ = {isa = PBXFileReference; explicitFileType = wrapper.application; includeInIndex = 0; path = GBShop.app; sourceTree = BUILT_PRODUCTS_DIR; };
		B638C62F275E6CA1000E19CA /* AppDelegate.swift */ = {isa = PBXFileReference; lastKnownFileType = sourcecode.swift; path = AppDelegate.swift; sourceTree = "<group>"; };
		B638C631275E6CA1000E19CA /* SceneDelegate.swift */ = {isa = PBXFileReference; lastKnownFileType = sourcecode.swift; path = SceneDelegate.swift; sourceTree = "<group>"; };
		B638C638275E6CA2000E19CA /* Assets.xcassets */ = {isa = PBXFileReference; lastKnownFileType = folder.assetcatalog; path = Assets.xcassets; sourceTree = "<group>"; };
		B638C63B275E6CA2000E19CA /* Base */ = {isa = PBXFileReference; lastKnownFileType = file.storyboard; name = Base; path = Base.lproj/LaunchScreen.storyboard; sourceTree = "<group>"; };
		B638C63D275E6CA2000E19CA /* Info.plist */ = {isa = PBXFileReference; lastKnownFileType = text.plist.xml; path = Info.plist; sourceTree = "<group>"; };
		B638C642275E6CA2000E19CA /* GBShopTests.xctest */ = {isa = PBXFileReference; explicitFileType = wrapper.cfbundle; includeInIndex = 0; path = GBShopTests.xctest; sourceTree = BUILT_PRODUCTS_DIR; };
		B638C648275E6CA2000E19CA /* Info.plist */ = {isa = PBXFileReference; lastKnownFileType = text.plist.xml; path = Info.plist; sourceTree = "<group>"; };
		B638C64D275E6CA2000E19CA /* GBShopUITests.xctest */ = {isa = PBXFileReference; explicitFileType = wrapper.cfbundle; includeInIndex = 0; path = GBShopUITests.xctest; sourceTree = BUILT_PRODUCTS_DIR; };
		B638C651275E6CA2000E19CA /* GBShopUITests.swift */ = {isa = PBXFileReference; lastKnownFileType = sourcecode.swift; path = GBShopUITests.swift; sourceTree = "<group>"; };
		B638C653275E6CA2000E19CA /* Info.plist */ = {isa = PBXFileReference; lastKnownFileType = text.plist.xml; path = Info.plist; sourceTree = "<group>"; };
		B652719A27A29551004D17E5 /* ReviewRequestFactory.swift */ = {isa = PBXFileReference; lastKnownFileType = sourcecode.swift; path = ReviewRequestFactory.swift; sourceTree = "<group>"; };
		B652719C27A29620004D17E5 /* ResultUserMessage.swift */ = {isa = PBXFileReference; lastKnownFileType = sourcecode.swift; path = ResultUserMessage.swift; sourceTree = "<group>"; };
		B652719E27A2971F004D17E5 /* Review.swift */ = {isa = PBXFileReference; lastKnownFileType = sourcecode.swift; path = Review.swift; sourceTree = "<group>"; };
		B65271A127AE9FE6004D17E5 /* BasketRequestFactory.swift */ = {isa = PBXFileReference; lastKnownFileType = sourcecode.swift; path = BasketRequestFactory.swift; sourceTree = "<group>"; };
		B65271A327AEA095004D17E5 /* Basket.swift */ = {isa = PBXFileReference; lastKnownFileType = sourcecode.swift; path = Basket.swift; sourceTree = "<group>"; };
		B65271A527B16871004D17E5 /* AuthViewController.swift */ = {isa = PBXFileReference; lastKnownFileType = sourcecode.swift; path = AuthViewController.swift; sourceTree = "<group>"; };
		B65271A727B1B1FF004D17E5 /* NetworkModel.swift */ = {isa = PBXFileReference; lastKnownFileType = sourcecode.swift; path = NetworkModel.swift; sourceTree = "<group>"; };
		B65271A927B1B9F6004D17E5 /* AuthBussinesModel.swift */ = {isa = PBXFileReference; lastKnownFileType = sourcecode.swift; path = AuthBussinesModel.swift; sourceTree = "<group>"; };
		B65271AB27B1BD66004D17E5 /* AuthFunction.swift */ = {isa = PBXFileReference; lastKnownFileType = sourcecode.swift; path = AuthFunction.swift; sourceTree = "<group>"; };
		B65271AD27B1BEBB004D17E5 /* BasketFunction.swift */ = {isa = PBXFileReference; lastKnownFileType = sourcecode.swift; path = BasketFunction.swift; sourceTree = "<group>"; };
		B65271AF27B1BEF5004D17E5 /* ReviewFunction.swift */ = {isa = PBXFileReference; lastKnownFileType = sourcecode.swift; path = ReviewFunction.swift; sourceTree = "<group>"; };
		B65271B127B1BF1C004D17E5 /* ProductFunction.swift */ = {isa = PBXFileReference; lastKnownFileType = sourcecode.swift; path = ProductFunction.swift; sourceTree = "<group>"; };
		B65271B327B65C9C004D17E5 /* ProductBussinesModel.swift */ = {isa = PBXFileReference; lastKnownFileType = sourcecode.swift; path = ProductBussinesModel.swift; sourceTree = "<group>"; };
		B65271B527B65D97004D17E5 /* ReviewBussinesModel.swift */ = {isa = PBXFileReference; lastKnownFileType = sourcecode.swift; path = ReviewBussinesModel.swift; sourceTree = "<group>"; };
		B65271B727B65E77004D17E5 /* BasketBussinesModel.swift */ = {isa = PBXFileReference; lastKnownFileType = sourcecode.swift; path = BasketBussinesModel.swift; sourceTree = "<group>"; };
		B7145424A80C834A36B2318B /* Pods_GBShop_GBShopUITests.framework */ = {isa = PBXFileReference; explicitFileType = wrapper.framework; includeInIndex = 0; path = Pods_GBShop_GBShopUITests.framework; sourceTree = BUILT_PRODUCTS_DIR; };
		D96258F9B441A84490DC9D3D /* Pods-GBShop.debug.xcconfig */ = {isa = PBXFileReference; includeInIndex = 1; lastKnownFileType = text.xcconfig; name = "Pods-GBShop.debug.xcconfig"; path = "Target Support Files/Pods-GBShop/Pods-GBShop.debug.xcconfig"; sourceTree = "<group>"; };
		F5B23CEDC8C2915C6994A142 /* Pods-GBShop.release.xcconfig */ = {isa = PBXFileReference; includeInIndex = 1; lastKnownFileType = text.xcconfig; name = "Pods-GBShop.release.xcconfig"; path = "Target Support Files/Pods-GBShop/Pods-GBShop.release.xcconfig"; sourceTree = "<group>"; };
/* End PBXFileReference section */

/* Begin PBXFrameworksBuildPhase section */
		B638C629275E6CA1000E19CA /* Frameworks */ = {
			isa = PBXFrameworksBuildPhase;
			buildActionMask = 2147483647;
			files = (
				29182A862C20BB298A329D21 /* Pods_GBShop.framework in Frameworks */,
			);
			runOnlyForDeploymentPostprocessing = 0;
		};
		B638C63F275E6CA2000E19CA /* Frameworks */ = {
			isa = PBXFrameworksBuildPhase;
			buildActionMask = 2147483647;
			files = (
				1114F912F035656DF1192B90 /* Pods_GBShopTests.framework in Frameworks */,
			);
			runOnlyForDeploymentPostprocessing = 0;
		};
		B638C64A275E6CA2000E19CA /* Frameworks */ = {
			isa = PBXFrameworksBuildPhase;
			buildActionMask = 2147483647;
			files = (
				148535823D5F15F4A4D4110F /* Pods_GBShop_GBShopUITests.framework in Frameworks */,
			);
			runOnlyForDeploymentPostprocessing = 0;
		};
/* End PBXFrameworksBuildPhase section */

/* Begin PBXGroup section */
		5EF9490F90E12AAF70977C9C /* Frameworks */ = {
			isa = PBXGroup;
			children = (
				9E21711723843685A315B3F1 /* Pods_GBShop.framework */,
				B7145424A80C834A36B2318B /* Pods_GBShop_GBShopUITests.framework */,
				979F7E5C889DB4AA0F299F38 /* Pods_GBShopTests.framework */,
			);
			name = Frameworks;
			sourceTree = "<group>";
		};
		B61C79C427845250002C2E29 /* App */ = {
			isa = PBXGroup;
			children = (
				B638C62F275E6CA1000E19CA /* AppDelegate.swift */,
				B638C631275E6CA1000E19CA /* SceneDelegate.swift */,
				B61C79C527845257002C2E29 /* BusinesLogic */,
				B61C79C627845280002C2E29 /* Entity */,
				B61C79C727845290002C2E29 /* Assembly */,
				B61C79C8278452A2002C2E29 /* Flows */,
			);
			path = App;
			sourceTree = "<group>";
		};
		B61C79C527845257002C2E29 /* BusinesLogic */ = {
			isa = PBXGroup;
			children = (
				B61C79DB27992DB8002C2E29 /* Network */,
			);
			path = BusinesLogic;
			sourceTree = "<group>";
		};
		B61C79C627845280002C2E29 /* Entity */ = {
			isa = PBXGroup;
			children = (
				B61C79D727992D95002C2E29 /* LoginResult.swift */,
				B61C79D927992DA7002C2E29 /* User.swift */,
				B61E707E279968EC00510D82 /* ResponseResult.swift */,
				B61E708027996B4100510D82 /* Genger.swift */,
				B61E7086279E894900510D82 /* Product.swift */,
				B652719C27A29620004D17E5 /* ResultUserMessage.swift */,
			);
			path = Entity;
			sourceTree = "<group>";
		};
		B61C79C727845290002C2E29 /* Assembly */ = {
			isa = PBXGroup;
			children = (
			);
			path = Assembly;
			sourceTree = "<group>";
		};
		B61C79C8278452A2002C2E29 /* Flows */ = {
			isa = PBXGroup;
			children = (
				B65271A527B16871004D17E5 /* AuthViewController.swift */,
			);
			path = Flows;
			sourceTree = "<group>";
		};
		B61C79C92784531F002C2E29 /* Core */ = {
			isa = PBXGroup;
			children = (
				B61C79CC27992CC2002C2E29 /* Network */,
			);
			path = Core;
			sourceTree = "<group>";
		};
		B61C79CA27845325002C2E29 /* Resources */ = {
			isa = PBXGroup;
			children = (
				B638C638275E6CA2000E19CA /* Assets.xcassets */,
				B638C63A275E6CA2000E19CA /* LaunchScreen.storyboard */,
			);
			path = Resources;
			sourceTree = "<group>";
		};
		B61C79CB27845336002C2E29 /* Environments */ = {
			isa = PBXGroup;
			children = (
				B638C63D275E6CA2000E19CA /* Info.plist */,
			);
			path = Environments;
			sourceTree = "<group>";
		};
		B61C79CC27992CC2002C2E29 /* Network */ = {
			isa = PBXGroup;
			children = (
				B61C79CD27992CE6002C2E29 /* AbstractErrorParser.swift */,
				B61C79CF27992CF9002C2E29 /* ErrorParser.swift */,
				B61C79D127992D15002C2E29 /* ResponseCodable.swift */,
				B61C79D327992D25002C2E29 /* AbstactRequestFactory.swift */,
				B61C79D527992D38002C2E29 /* RequestRouter.swift */,
				B61C79E22799333B002C2E29 /* DataRequest.swift */,
				B65271A727B1B1FF004D17E5 /* NetworkModel.swift */,
			);
			path = Network;
			sourceTree = "<group>";
		};
		B61C79DB27992DB8002C2E29 /* Network */ = {
			isa = PBXGroup;
			children = (
				B61C79E027992DEF002C2E29 /* RequestFactory.swift */,
				B65271A027AE9FC7004D17E5 /* Basket */,
				B652719927A2952B004D17E5 /* Review */,
				B61E7089279E9BD700510D82 /* Product */,
				B61E7088279E9BB400510D82 /* Auth */,
			);
			path = Network;
			sourceTree = "<group>";
		};
		B61E7088279E9BB400510D82 /* Auth */ = {
			isa = PBXGroup;
			children = (
				B61C79DC27992DD0002C2E29 /* AuthRequestFactory.swift */,
				B61C79DE27992DDC002C2E29 /* Auth.swift */,
				B65271A927B1B9F6004D17E5 /* AuthBussinesModel.swift */,
				B65271AB27B1BD66004D17E5 /* AuthFunction.swift */,
			);
			path = Auth;
			sourceTree = "<group>";
		};
		B61E7089279E9BD700510D82 /* Product */ = {
			isa = PBXGroup;
			children = (
				B61E708A279E9BF200510D82 /* ProductRequestFctory.swift */,
				B61E708C279E9D9200510D82 /* ProductList.swift */,
				B65271B127B1BF1C004D17E5 /* ProductFunction.swift */,
				B65271B327B65C9C004D17E5 /* ProductBussinesModel.swift */,
			);
			path = Product;
			sourceTree = "<group>";
		};
		B638C623275E6CA1000E19CA = {
			isa = PBXGroup;
			children = (
				B638C62E275E6CA1000E19CA /* GBShop */,
				B638C645275E6CA2000E19CA /* GBShopTests */,
				B638C650275E6CA2000E19CA /* GBShopUITests */,
				B638C62D275E6CA1000E19CA /* Products */,
				C05BF468811E223A82F01144 /* Pods */,
				5EF9490F90E12AAF70977C9C /* Frameworks */,
			);
			sourceTree = "<group>";
		};
		B638C62D275E6CA1000E19CA /* Products */ = {
			isa = PBXGroup;
			children = (
				B638C62C275E6CA1000E19CA /* GBShop.app */,
				B638C642275E6CA2000E19CA /* GBShopTests.xctest */,
				B638C64D275E6CA2000E19CA /* GBShopUITests.xctest */,
			);
			name = Products;
			sourceTree = "<group>";
		};
		B638C62E275E6CA1000E19CA /* GBShop */ = {
			isa = PBXGroup;
			children = (
				B61C79CB27845336002C2E29 /* Environments */,
				B61C79CA27845325002C2E29 /* Resources */,
				B61C79C92784531F002C2E29 /* Core */,
				B61C79C427845250002C2E29 /* App */,
			);
			path = GBShop;
			sourceTree = "<group>";
		};
		B638C645275E6CA2000E19CA /* GBShopTests */ = {
			isa = PBXGroup;
			children = (
				B638C648275E6CA2000E19CA /* Info.plist */,
				B61E7082279E706400510D82 /* ResponseCodableTests.swift */,
				B61E7084279E856F00510D82 /* AuthTests.swift */,
			);
			path = GBShopTests;
			sourceTree = "<group>";
		};
		B638C650275E6CA2000E19CA /* GBShopUITests */ = {
			isa = PBXGroup;
			children = (
				B638C651275E6CA2000E19CA /* GBShopUITests.swift */,
				B638C653275E6CA2000E19CA /* Info.plist */,
			);
			path = GBShopUITests;
			sourceTree = "<group>";
		};
		B652719927A2952B004D17E5 /* Review */ = {
			isa = PBXGroup;
			children = (
				B652719A27A29551004D17E5 /* ReviewRequestFactory.swift */,
				B652719E27A2971F004D17E5 /* Review.swift */,
				B65271AF27B1BEF5004D17E5 /* ReviewFunction.swift */,
				B65271B527B65D97004D17E5 /* ReviewBussinesModel.swift */,
			);
			path = Review;
			sourceTree = "<group>";
		};
		B65271A027AE9FC7004D17E5 /* Basket */ = {
			isa = PBXGroup;
			children = (
				B65271A127AE9FE6004D17E5 /* BasketRequestFactory.swift */,
				B65271A327AEA095004D17E5 /* Basket.swift */,
				B65271AD27B1BEBB004D17E5 /* BasketFunction.swift */,
				B65271B727B65E77004D17E5 /* BasketBussinesModel.swift */,
			);
			path = Basket;
			sourceTree = "<group>";
		};
		C05BF468811E223A82F01144 /* Pods */ = {
			isa = PBXGroup;
			children = (
				D96258F9B441A84490DC9D3D /* Pods-GBShop.debug.xcconfig */,
				F5B23CEDC8C2915C6994A142 /* Pods-GBShop.release.xcconfig */,
				199259EF144AB7D4F241814F /* Pods-GBShop-GBShopUITests.debug.xcconfig */,
				09B377D58D5BF105867FAD74 /* Pods-GBShop-GBShopUITests.release.xcconfig */,
				AC1468CE9FDA5D9B69D7AC22 /* Pods-GBShopTests.debug.xcconfig */,
				487325C1ECFC3FEEB77DC9FE /* Pods-GBShopTests.release.xcconfig */,
			);
			path = Pods;
			sourceTree = "<group>";
		};
/* End PBXGroup section */

/* Begin PBXNativeTarget section */
		B638C62B275E6CA1000E19CA /* GBShop */ = {
			isa = PBXNativeTarget;
			buildConfigurationList = B638C656275E6CA2000E19CA /* Build configuration list for PBXNativeTarget "GBShop" */;
			buildPhases = (
				4DE1B856C6AB2E3D23AC6454 /* [CP] Check Pods Manifest.lock */,
				B638C628275E6CA1000E19CA /* Sources */,
				B638C629275E6CA1000E19CA /* Frameworks */,
				B638C62A275E6CA1000E19CA /* Resources */,
				6FD26D5636C14CAFBE5F0274 /* [CP] Embed Pods Frameworks */,
			);
			buildRules = (
			);
			dependencies = (
			);
			name = GBShop;
			productName = GBShop;
			productReference = B638C62C275E6CA1000E19CA /* GBShop.app */;
			productType = "com.apple.product-type.application";
		};
		B638C641275E6CA2000E19CA /* GBShopTests */ = {
			isa = PBXNativeTarget;
			buildConfigurationList = B638C659275E6CA2000E19CA /* Build configuration list for PBXNativeTarget "GBShopTests" */;
			buildPhases = (
				F13EE0BB0B729E84E2954F17 /* [CP] Check Pods Manifest.lock */,
				B638C63E275E6CA2000E19CA /* Sources */,
				B638C63F275E6CA2000E19CA /* Frameworks */,
				B638C640275E6CA2000E19CA /* Resources */,
			);
			buildRules = (
			);
			dependencies = (
				B638C644275E6CA2000E19CA /* PBXTargetDependency */,
			);
			name = GBShopTests;
			productName = GBShopTests;
			productReference = B638C642275E6CA2000E19CA /* GBShopTests.xctest */;
			productType = "com.apple.product-type.bundle.unit-test";
		};
		B638C64C275E6CA2000E19CA /* GBShopUITests */ = {
			isa = PBXNativeTarget;
			buildConfigurationList = B638C65C275E6CA2000E19CA /* Build configuration list for PBXNativeTarget "GBShopUITests" */;
			buildPhases = (
				146E6A4929B26B1ED3C252FE /* [CP] Check Pods Manifest.lock */,
				B638C649275E6CA2000E19CA /* Sources */,
				B638C64A275E6CA2000E19CA /* Frameworks */,
				B638C64B275E6CA2000E19CA /* Resources */,
				C85271FD0C0A81B2CC7614CE /* [CP] Embed Pods Frameworks */,
			);
			buildRules = (
			);
			dependencies = (
				B638C64F275E6CA2000E19CA /* PBXTargetDependency */,
			);
			name = GBShopUITests;
			productName = GBShopUITests;
			productReference = B638C64D275E6CA2000E19CA /* GBShopUITests.xctest */;
			productType = "com.apple.product-type.bundle.ui-testing";
		};
/* End PBXNativeTarget section */

/* Begin PBXProject section */
		B638C624275E6CA1000E19CA /* Project object */ = {
			isa = PBXProject;
			attributes = {
				LastSwiftUpdateCheck = 1250;
				LastUpgradeCheck = 1250;
				TargetAttributes = {
					B638C62B275E6CA1000E19CA = {
						CreatedOnToolsVersion = 12.5.1;
					};
					B638C641275E6CA2000E19CA = {
						CreatedOnToolsVersion = 12.5.1;
						TestTargetID = B638C62B275E6CA1000E19CA;
					};
					B638C64C275E6CA2000E19CA = {
						CreatedOnToolsVersion = 12.5.1;
						TestTargetID = B638C62B275E6CA1000E19CA;
					};
				};
			};
			buildConfigurationList = B638C627275E6CA1000E19CA /* Build configuration list for PBXProject "GBShop" */;
			compatibilityVersion = "Xcode 9.3";
			developmentRegion = en;
			hasScannedForEncodings = 0;
			knownRegions = (
				en,
				Base,
			);
			mainGroup = B638C623275E6CA1000E19CA;
			productRefGroup = B638C62D275E6CA1000E19CA /* Products */;
			projectDirPath = "";
			projectRoot = "";
			targets = (
				B638C62B275E6CA1000E19CA /* GBShop */,
				B638C641275E6CA2000E19CA /* GBShopTests */,
				B638C64C275E6CA2000E19CA /* GBShopUITests */,
			);
		};
/* End PBXProject section */

/* Begin PBXResourcesBuildPhase section */
		B638C62A275E6CA1000E19CA /* Resources */ = {
			isa = PBXResourcesBuildPhase;
			buildActionMask = 2147483647;
			files = (
				B638C63C275E6CA2000E19CA /* LaunchScreen.storyboard in Resources */,
				B638C639275E6CA2000E19CA /* Assets.xcassets in Resources */,
			);
			runOnlyForDeploymentPostprocessing = 0;
		};
		B638C640275E6CA2000E19CA /* Resources */ = {
			isa = PBXResourcesBuildPhase;
			buildActionMask = 2147483647;
			files = (
			);
			runOnlyForDeploymentPostprocessing = 0;
		};
		B638C64B275E6CA2000E19CA /* Resources */ = {
			isa = PBXResourcesBuildPhase;
			buildActionMask = 2147483647;
			files = (
			);
			runOnlyForDeploymentPostprocessing = 0;
		};
/* End PBXResourcesBuildPhase section */

/* Begin PBXShellScriptBuildPhase section */
		146E6A4929B26B1ED3C252FE /* [CP] Check Pods Manifest.lock */ = {
			isa = PBXShellScriptBuildPhase;
			buildActionMask = 2147483647;
			files = (
			);
			inputFileListPaths = (
			);
			inputPaths = (
				"${PODS_PODFILE_DIR_PATH}/Podfile.lock",
				"${PODS_ROOT}/Manifest.lock",
			);
			name = "[CP] Check Pods Manifest.lock";
			outputFileListPaths = (
			);
			outputPaths = (
				"$(DERIVED_FILE_DIR)/Pods-GBShop-GBShopUITests-checkManifestLockResult.txt",
			);
			runOnlyForDeploymentPostprocessing = 0;
			shellPath = /bin/sh;
			shellScript = "diff \"${PODS_PODFILE_DIR_PATH}/Podfile.lock\" \"${PODS_ROOT}/Manifest.lock\" > /dev/null\nif [ $? != 0 ] ; then\n    # print error to STDERR\n    echo \"error: The sandbox is not in sync with the Podfile.lock. Run 'pod install' or update your CocoaPods installation.\" >&2\n    exit 1\nfi\n# This output is used by Xcode 'outputs' to avoid re-running this script phase.\necho \"SUCCESS\" > \"${SCRIPT_OUTPUT_FILE_0}\"\n";
			showEnvVarsInLog = 0;
		};
		4DE1B856C6AB2E3D23AC6454 /* [CP] Check Pods Manifest.lock */ = {
			isa = PBXShellScriptBuildPhase;
			buildActionMask = 2147483647;
			files = (
			);
			inputFileListPaths = (
			);
			inputPaths = (
				"${PODS_PODFILE_DIR_PATH}/Podfile.lock",
				"${PODS_ROOT}/Manifest.lock",
			);
			name = "[CP] Check Pods Manifest.lock";
			outputFileListPaths = (
			);
			outputPaths = (
				"$(DERIVED_FILE_DIR)/Pods-GBShop-checkManifestLockResult.txt",
			);
			runOnlyForDeploymentPostprocessing = 0;
			shellPath = /bin/sh;
			shellScript = "diff \"${PODS_PODFILE_DIR_PATH}/Podfile.lock\" \"${PODS_ROOT}/Manifest.lock\" > /dev/null\nif [ $? != 0 ] ; then\n    # print error to STDERR\n    echo \"error: The sandbox is not in sync with the Podfile.lock. Run 'pod install' or update your CocoaPods installation.\" >&2\n    exit 1\nfi\n# This output is used by Xcode 'outputs' to avoid re-running this script phase.\necho \"SUCCESS\" > \"${SCRIPT_OUTPUT_FILE_0}\"\n";
			showEnvVarsInLog = 0;
		};
		6FD26D5636C14CAFBE5F0274 /* [CP] Embed Pods Frameworks */ = {
			isa = PBXShellScriptBuildPhase;
			buildActionMask = 2147483647;
			files = (
			);
			inputFileListPaths = (
				"${PODS_ROOT}/Target Support Files/Pods-GBShop/Pods-GBShop-frameworks-${CONFIGURATION}-input-files.xcfilelist",
			);
			name = "[CP] Embed Pods Frameworks";
			outputFileListPaths = (
				"${PODS_ROOT}/Target Support Files/Pods-GBShop/Pods-GBShop-frameworks-${CONFIGURATION}-output-files.xcfilelist",
			);
			runOnlyForDeploymentPostprocessing = 0;
			shellPath = /bin/sh;
			shellScript = "\"${PODS_ROOT}/Target Support Files/Pods-GBShop/Pods-GBShop-frameworks.sh\"\n";
			showEnvVarsInLog = 0;
		};
		C85271FD0C0A81B2CC7614CE /* [CP] Embed Pods Frameworks */ = {
			isa = PBXShellScriptBuildPhase;
			buildActionMask = 2147483647;
			files = (
			);
			inputFileListPaths = (
				"${PODS_ROOT}/Target Support Files/Pods-GBShop-GBShopUITests/Pods-GBShop-GBShopUITests-frameworks-${CONFIGURATION}-input-files.xcfilelist",
			);
			name = "[CP] Embed Pods Frameworks";
			outputFileListPaths = (
				"${PODS_ROOT}/Target Support Files/Pods-GBShop-GBShopUITests/Pods-GBShop-GBShopUITests-frameworks-${CONFIGURATION}-output-files.xcfilelist",
			);
			runOnlyForDeploymentPostprocessing = 0;
			shellPath = /bin/sh;
			shellScript = "\"${PODS_ROOT}/Target Support Files/Pods-GBShop-GBShopUITests/Pods-GBShop-GBShopUITests-frameworks.sh\"\n";
			showEnvVarsInLog = 0;
		};
		F13EE0BB0B729E84E2954F17 /* [CP] Check Pods Manifest.lock */ = {
			isa = PBXShellScriptBuildPhase;
			buildActionMask = 2147483647;
			files = (
			);
			inputFileListPaths = (
			);
			inputPaths = (
				"${PODS_PODFILE_DIR_PATH}/Podfile.lock",
				"${PODS_ROOT}/Manifest.lock",
			);
			name = "[CP] Check Pods Manifest.lock";
			outputFileListPaths = (
			);
			outputPaths = (
				"$(DERIVED_FILE_DIR)/Pods-GBShopTests-checkManifestLockResult.txt",
			);
			runOnlyForDeploymentPostprocessing = 0;
			shellPath = /bin/sh;
			shellScript = "diff \"${PODS_PODFILE_DIR_PATH}/Podfile.lock\" \"${PODS_ROOT}/Manifest.lock\" > /dev/null\nif [ $? != 0 ] ; then\n    # print error to STDERR\n    echo \"error: The sandbox is not in sync with the Podfile.lock. Run 'pod install' or update your CocoaPods installation.\" >&2\n    exit 1\nfi\n# This output is used by Xcode 'outputs' to avoid re-running this script phase.\necho \"SUCCESS\" > \"${SCRIPT_OUTPUT_FILE_0}\"\n";
			showEnvVarsInLog = 0;
		};
/* End PBXShellScriptBuildPhase section */

/* Begin PBXSourcesBuildPhase section */
		B638C628275E6CA1000E19CA /* Sources */ = {
			isa = PBXSourcesBuildPhase;
			buildActionMask = 2147483647;
			files = (
				B61C79E127992DEF002C2E29 /* RequestFactory.swift in Sources */,
				B61C79CE27992CE6002C2E29 /* AbstractErrorParser.swift in Sources */,
				B61E707F279968EC00510D82 /* ResponseResult.swift in Sources */,
				B65271B627B65D97004D17E5 /* ReviewBussinesModel.swift in Sources */,
				B61E708D279E9D9200510D82 /* ProductList.swift in Sources */,
				B65271B027B1BEF5004D17E5 /* ReviewFunction.swift in Sources */,
				B61E708127996B4100510D82 /* Genger.swift in Sources */,
				B61C79D227992D15002C2E29 /* ResponseCodable.swift in Sources */,
				B61C79DD27992DD0002C2E29 /* AuthRequestFactory.swift in Sources */,
				B61C79D627992D38002C2E29 /* RequestRouter.swift in Sources */,
				B61C79E32799333B002C2E29 /* DataRequest.swift in Sources */,
				B638C630275E6CA1000E19CA /* AppDelegate.swift in Sources */,
				B65271B827B65E77004D17E5 /* BasketBussinesModel.swift in Sources */,
				B65271A227AE9FE6004D17E5 /* BasketRequestFactory.swift in Sources */,
				B65271AE27B1BEBB004D17E5 /* BasketFunction.swift in Sources */,
				B61E7087279E894900510D82 /* Product.swift in Sources */,
				B61C79D827992D95002C2E29 /* LoginResult.swift in Sources */,
				B61C79DF27992DDC002C2E29 /* Auth.swift in Sources */,
				B65271A427AEA095004D17E5 /* Basket.swift in Sources */,
				B652719D27A29620004D17E5 /* ResultUserMessage.swift in Sources */,
				B65271B427B65C9C004D17E5 /* ProductBussinesModel.swift in Sources */,
				B61E708B279E9BF300510D82 /* ProductRequestFctory.swift in Sources */,
				B65271AA27B1B9F6004D17E5 /* AuthBussinesModel.swift in Sources */,
				B65271A627B16871004D17E5 /* AuthViewController.swift in Sources */,
				B61C79DA27992DA7002C2E29 /* User.swift in Sources */,
				B638C632275E6CA1000E19CA /* SceneDelegate.swift in Sources */,
				B652719B27A29551004D17E5 /* ReviewRequestFactory.swift in Sources */,
				B65271AC27B1BD66004D17E5 /* AuthFunction.swift in Sources */,
				B65271B227B1BF1C004D17E5 /* ProductFunction.swift in Sources */,
				B61C79D027992CF9002C2E29 /* ErrorParser.swift in Sources */,
				B61C79D427992D25002C2E29 /* AbstactRequestFactory.swift in Sources */,
				B65271A827B1B1FF004D17E5 /* NetworkModel.swift in Sources */,
				B652719F27A2971F004D17E5 /* Review.swift in Sources */,
			);
			runOnlyForDeploymentPostprocessing = 0;
		};
		B638C63E275E6CA2000E19CA /* Sources */ = {
			isa = PBXSourcesBuildPhase;
			buildActionMask = 2147483647;
			files = (
				B61E7083279E706400510D82 /* ResponseCodableTests.swift in Sources */,
				B61E7085279E856F00510D82 /* AuthTests.swift in Sources */,
			);
			runOnlyForDeploymentPostprocessing = 0;
		};
		B638C649275E6CA2000E19CA /* Sources */ = {
			isa = PBXSourcesBuildPhase;
			buildActionMask = 2147483647;
			files = (
				B638C652275E6CA2000E19CA /* GBShopUITests.swift in Sources */,
			);
			runOnlyForDeploymentPostprocessing = 0;
		};
/* End PBXSourcesBuildPhase section */

/* Begin PBXTargetDependency section */
		B638C644275E6CA2000E19CA /* PBXTargetDependency */ = {
			isa = PBXTargetDependency;
			target = B638C62B275E6CA1000E19CA /* GBShop */;
			targetProxy = B638C643275E6CA2000E19CA /* PBXContainerItemProxy */;
		};
		B638C64F275E6CA2000E19CA /* PBXTargetDependency */ = {
			isa = PBXTargetDependency;
			target = B638C62B275E6CA1000E19CA /* GBShop */;
			targetProxy = B638C64E275E6CA2000E19CA /* PBXContainerItemProxy */;
		};
/* End PBXTargetDependency section */

/* Begin PBXVariantGroup section */
		B638C63A275E6CA2000E19CA /* LaunchScreen.storyboard */ = {
			isa = PBXVariantGroup;
			children = (
				B638C63B275E6CA2000E19CA /* Base */,
			);
			name = LaunchScreen.storyboard;
			sourceTree = "<group>";
		};
/* End PBXVariantGroup section */

/* Begin XCBuildConfiguration section */
		B638C654275E6CA2000E19CA /* Debug */ = {
			isa = XCBuildConfiguration;
			buildSettings = {
				ALWAYS_SEARCH_USER_PATHS = NO;
				CLANG_ANALYZER_NONNULL = YES;
				CLANG_ANALYZER_NUMBER_OBJECT_CONVERSION = YES_AGGRESSIVE;
				CLANG_CXX_LANGUAGE_STANDARD = "gnu++14";
				CLANG_CXX_LIBRARY = "libc++";
				CLANG_ENABLE_MODULES = YES;
				CLANG_ENABLE_OBJC_ARC = YES;
				CLANG_ENABLE_OBJC_WEAK = YES;
				CLANG_WARN_BLOCK_CAPTURE_AUTORELEASING = YES;
				CLANG_WARN_BOOL_CONVERSION = YES;
				CLANG_WARN_COMMA = YES;
				CLANG_WARN_CONSTANT_CONVERSION = YES;
				CLANG_WARN_DEPRECATED_OBJC_IMPLEMENTATIONS = YES;
				CLANG_WARN_DIRECT_OBJC_ISA_USAGE = YES_ERROR;
				CLANG_WARN_DOCUMENTATION_COMMENTS = YES;
				CLANG_WARN_EMPTY_BODY = YES;
				CLANG_WARN_ENUM_CONVERSION = YES;
				CLANG_WARN_INFINITE_RECURSION = YES;
				CLANG_WARN_INT_CONVERSION = YES;
				CLANG_WARN_NON_LITERAL_NULL_CONVERSION = YES;
				CLANG_WARN_OBJC_IMPLICIT_RETAIN_SELF = YES;
				CLANG_WARN_OBJC_LITERAL_CONVERSION = YES;
				CLANG_WARN_OBJC_ROOT_CLASS = YES_ERROR;
				CLANG_WARN_QUOTED_INCLUDE_IN_FRAMEWORK_HEADER = YES;
				CLANG_WARN_RANGE_LOOP_ANALYSIS = YES;
				CLANG_WARN_STRICT_PROTOTYPES = YES;
				CLANG_WARN_SUSPICIOUS_MOVE = YES;
				CLANG_WARN_UNGUARDED_AVAILABILITY = YES_AGGRESSIVE;
				CLANG_WARN_UNREACHABLE_CODE = YES;
				CLANG_WARN__DUPLICATE_METHOD_MATCH = YES;
				COPY_PHASE_STRIP = NO;
				DEBUG_INFORMATION_FORMAT = dwarf;
				ENABLE_STRICT_OBJC_MSGSEND = YES;
				ENABLE_TESTABILITY = YES;
				GCC_C_LANGUAGE_STANDARD = gnu11;
				GCC_DYNAMIC_NO_PIC = NO;
				GCC_NO_COMMON_BLOCKS = YES;
				GCC_OPTIMIZATION_LEVEL = 0;
				GCC_PREPROCESSOR_DEFINITIONS = (
					"DEBUG=1",
					"$(inherited)",
				);
				GCC_WARN_64_TO_32_BIT_CONVERSION = YES;
				GCC_WARN_ABOUT_RETURN_TYPE = YES_ERROR;
				GCC_WARN_UNDECLARED_SELECTOR = YES;
				GCC_WARN_UNINITIALIZED_AUTOS = YES_AGGRESSIVE;
				GCC_WARN_UNUSED_FUNCTION = YES;
				GCC_WARN_UNUSED_VARIABLE = YES;
				INFOPLIST_FILE = "";
				IPHONEOS_DEPLOYMENT_TARGET = 14.5;
				MTL_ENABLE_DEBUG_INFO = INCLUDE_SOURCE;
				MTL_FAST_MATH = YES;
				ONLY_ACTIVE_ARCH = YES;
				SDKROOT = iphoneos;
				SWIFT_ACTIVE_COMPILATION_CONDITIONS = DEBUG;
				SWIFT_OPTIMIZATION_LEVEL = "-Onone";
			};
			name = Debug;
		};
		B638C655275E6CA2000E19CA /* Release */ = {
			isa = XCBuildConfiguration;
			buildSettings = {
				ALWAYS_SEARCH_USER_PATHS = NO;
				CLANG_ANALYZER_NONNULL = YES;
				CLANG_ANALYZER_NUMBER_OBJECT_CONVERSION = YES_AGGRESSIVE;
				CLANG_CXX_LANGUAGE_STANDARD = "gnu++14";
				CLANG_CXX_LIBRARY = "libc++";
				CLANG_ENABLE_MODULES = YES;
				CLANG_ENABLE_OBJC_ARC = YES;
				CLANG_ENABLE_OBJC_WEAK = YES;
				CLANG_WARN_BLOCK_CAPTURE_AUTORELEASING = YES;
				CLANG_WARN_BOOL_CONVERSION = YES;
				CLANG_WARN_COMMA = YES;
				CLANG_WARN_CONSTANT_CONVERSION = YES;
				CLANG_WARN_DEPRECATED_OBJC_IMPLEMENTATIONS = YES;
				CLANG_WARN_DIRECT_OBJC_ISA_USAGE = YES_ERROR;
				CLANG_WARN_DOCUMENTATION_COMMENTS = YES;
				CLANG_WARN_EMPTY_BODY = YES;
				CLANG_WARN_ENUM_CONVERSION = YES;
				CLANG_WARN_INFINITE_RECURSION = YES;
				CLANG_WARN_INT_CONVERSION = YES;
				CLANG_WARN_NON_LITERAL_NULL_CONVERSION = YES;
				CLANG_WARN_OBJC_IMPLICIT_RETAIN_SELF = YES;
				CLANG_WARN_OBJC_LITERAL_CONVERSION = YES;
				CLANG_WARN_OBJC_ROOT_CLASS = YES_ERROR;
				CLANG_WARN_QUOTED_INCLUDE_IN_FRAMEWORK_HEADER = YES;
				CLANG_WARN_RANGE_LOOP_ANALYSIS = YES;
				CLANG_WARN_STRICT_PROTOTYPES = YES;
				CLANG_WARN_SUSPICIOUS_MOVE = YES;
				CLANG_WARN_UNGUARDED_AVAILABILITY = YES_AGGRESSIVE;
				CLANG_WARN_UNREACHABLE_CODE = YES;
				CLANG_WARN__DUPLICATE_METHOD_MATCH = YES;
				COPY_PHASE_STRIP = NO;
				DEBUG_INFORMATION_FORMAT = "dwarf-with-dsym";
				ENABLE_NS_ASSERTIONS = NO;
				ENABLE_STRICT_OBJC_MSGSEND = YES;
				GCC_C_LANGUAGE_STANDARD = gnu11;
				GCC_NO_COMMON_BLOCKS = YES;
				GCC_WARN_64_TO_32_BIT_CONVERSION = YES;
				GCC_WARN_ABOUT_RETURN_TYPE = YES_ERROR;
				GCC_WARN_UNDECLARED_SELECTOR = YES;
				GCC_WARN_UNINITIALIZED_AUTOS = YES_AGGRESSIVE;
				GCC_WARN_UNUSED_FUNCTION = YES;
				GCC_WARN_UNUSED_VARIABLE = YES;
				INFOPLIST_FILE = "";
				IPHONEOS_DEPLOYMENT_TARGET = 14.5;
				MTL_ENABLE_DEBUG_INFO = NO;
				MTL_FAST_MATH = YES;
				SDKROOT = iphoneos;
				SWIFT_COMPILATION_MODE = wholemodule;
				SWIFT_OPTIMIZATION_LEVEL = "-O";
				VALIDATE_PRODUCT = YES;
			};
			name = Release;
		};
		B638C657275E6CA2000E19CA /* Debug */ = {
			isa = XCBuildConfiguration;
			baseConfigurationReference = D96258F9B441A84490DC9D3D /* Pods-GBShop.debug.xcconfig */;
			buildSettings = {
				ASSETCATALOG_COMPILER_APPICON_NAME = AppIcon;
				ASSETCATALOG_COMPILER_GLOBAL_ACCENT_COLOR_NAME = AccentColor;
				CODE_SIGN_STYLE = Automatic;
				DEVELOPMENT_TEAM = 4KZXD5977U;
				INFOPLIST_FILE = GBShop/Environments/Info.plist;
				LD_RUNPATH_SEARCH_PATHS = (
					"$(inherited)",
					"@executable_path/Frameworks",
				);
				PRODUCT_BUNDLE_IDENTIFIER = "Pavel-Chernyaev.GBShop";
				PRODUCT_NAME = "$(TARGET_NAME)";
				SWIFT_VERSION = 5.0;
				TARGETED_DEVICE_FAMILY = "1,2";
			};
			name = Debug;
		};
		B638C658275E6CA2000E19CA /* Release */ = {
			isa = XCBuildConfiguration;
			baseConfigurationReference = F5B23CEDC8C2915C6994A142 /* Pods-GBShop.release.xcconfig */;
			buildSettings = {
				ASSETCATALOG_COMPILER_APPICON_NAME = AppIcon;
				ASSETCATALOG_COMPILER_GLOBAL_ACCENT_COLOR_NAME = AccentColor;
				CODE_SIGN_STYLE = Automatic;
				DEVELOPMENT_TEAM = 4KZXD5977U;
				INFOPLIST_FILE = GBShop/Environments/Info.plist;
				LD_RUNPATH_SEARCH_PATHS = (
					"$(inherited)",
					"@executable_path/Frameworks",
				);
				PRODUCT_BUNDLE_IDENTIFIER = "Pavel-Chernyaev.GBShop";
				PRODUCT_NAME = "$(TARGET_NAME)";
				SWIFT_VERSION = 5.0;
				TARGETED_DEVICE_FAMILY = "1,2";
			};
			name = Release;
		};
		B638C65A275E6CA2000E19CA /* Debug */ = {
			isa = XCBuildConfiguration;
			baseConfigurationReference = AC1468CE9FDA5D9B69D7AC22 /* Pods-GBShopTests.debug.xcconfig */;
			buildSettings = {
				ALWAYS_EMBED_SWIFT_STANDARD_LIBRARIES = YES;
				BUNDLE_LOADER = "$(TEST_HOST)";
				CODE_SIGN_STYLE = Automatic;
				DEVELOPMENT_TEAM = 4KZXD5977U;
				INFOPLIST_FILE = GBShopTests/Info.plist;
				IPHONEOS_DEPLOYMENT_TARGET = 14.5;
				LD_RUNPATH_SEARCH_PATHS = (
					"$(inherited)",
					"@executable_path/Frameworks",
					"@loader_path/Frameworks",
				);
				PRODUCT_BUNDLE_IDENTIFIER = "Pavel-Chernyaev.GBShopTests";
				PRODUCT_NAME = "$(TARGET_NAME)";
				SWIFT_VERSION = 5.0;
				TARGETED_DEVICE_FAMILY = "1,2";
				TEST_HOST = "$(BUILT_PRODUCTS_DIR)/GBShop.app/GBShop";
			};
			name = Debug;
		};
		B638C65B275E6CA2000E19CA /* Release */ = {
			isa = XCBuildConfiguration;
			baseConfigurationReference = 487325C1ECFC3FEEB77DC9FE /* Pods-GBShopTests.release.xcconfig */;
			buildSettings = {
				ALWAYS_EMBED_SWIFT_STANDARD_LIBRARIES = YES;
				BUNDLE_LOADER = "$(TEST_HOST)";
				CODE_SIGN_STYLE = Automatic;
				DEVELOPMENT_TEAM = 4KZXD5977U;
				INFOPLIST_FILE = GBShopTests/Info.plist;
				IPHONEOS_DEPLOYMENT_TARGET = 14.5;
				LD_RUNPATH_SEARCH_PATHS = (
					"$(inherited)",
					"@executable_path/Frameworks",
					"@loader_path/Frameworks",
				);
				PRODUCT_BUNDLE_IDENTIFIER = "Pavel-Chernyaev.GBShopTests";
				PRODUCT_NAME = "$(TARGET_NAME)";
				SWIFT_VERSION = 5.0;
				TARGETED_DEVICE_FAMILY = "1,2";
				TEST_HOST = "$(BUILT_PRODUCTS_DIR)/GBShop.app/GBShop";
			};
			name = Release;
		};
		B638C65D275E6CA2000E19CA /* Debug */ = {
			isa = XCBuildConfiguration;
			baseConfigurationReference = 199259EF144AB7D4F241814F /* Pods-GBShop-GBShopUITests.debug.xcconfig */;
			buildSettings = {
				ALWAYS_EMBED_SWIFT_STANDARD_LIBRARIES = YES;
				CODE_SIGN_STYLE = Automatic;
				DEVELOPMENT_TEAM = 4KZXD5977U;
				INFOPLIST_FILE = GBShopUITests/Info.plist;
				LD_RUNPATH_SEARCH_PATHS = (
					"$(inherited)",
					"@executable_path/Frameworks",
					"@loader_path/Frameworks",
				);
				PRODUCT_BUNDLE_IDENTIFIER = "Pavel-Chernyaev.GBShopUITests";
				PRODUCT_NAME = "$(TARGET_NAME)";
				SWIFT_VERSION = 5.0;
				TARGETED_DEVICE_FAMILY = "1,2";
				TEST_TARGET_NAME = GBShop;
			};
			name = Debug;
		};
		B638C65E275E6CA2000E19CA /* Release */ = {
			isa = XCBuildConfiguration;
			baseConfigurationReference = 09B377D58D5BF105867FAD74 /* Pods-GBShop-GBShopUITests.release.xcconfig */;
			buildSettings = {
				ALWAYS_EMBED_SWIFT_STANDARD_LIBRARIES = YES;
				CODE_SIGN_STYLE = Automatic;
				DEVELOPMENT_TEAM = 4KZXD5977U;
				INFOPLIST_FILE = GBShopUITests/Info.plist;
				LD_RUNPATH_SEARCH_PATHS = (
					"$(inherited)",
					"@executable_path/Frameworks",
					"@loader_path/Frameworks",
				);
				PRODUCT_BUNDLE_IDENTIFIER = "Pavel-Chernyaev.GBShopUITests";
				PRODUCT_NAME = "$(TARGET_NAME)";
				SWIFT_VERSION = 5.0;
				TARGETED_DEVICE_FAMILY = "1,2";
				TEST_TARGET_NAME = GBShop;
			};
			name = Release;
		};
/* End XCBuildConfiguration section */

/* Begin XCConfigurationList section */
		B638C627275E6CA1000E19CA /* Build configuration list for PBXProject "GBShop" */ = {
			isa = XCConfigurationList;
			buildConfigurations = (
				B638C654275E6CA2000E19CA /* Debug */,
				B638C655275E6CA2000E19CA /* Release */,
			);
			defaultConfigurationIsVisible = 0;
			defaultConfigurationName = Release;
		};
		B638C656275E6CA2000E19CA /* Build configuration list for PBXNativeTarget "GBShop" */ = {
			isa = XCConfigurationList;
			buildConfigurations = (
				B638C657275E6CA2000E19CA /* Debug */,
				B638C658275E6CA2000E19CA /* Release */,
			);
			defaultConfigurationIsVisible = 0;
			defaultConfigurationName = Release;
		};
		B638C659275E6CA2000E19CA /* Build configuration list for PBXNativeTarget "GBShopTests" */ = {
			isa = XCConfigurationList;
			buildConfigurations = (
				B638C65A275E6CA2000E19CA /* Debug */,
				B638C65B275E6CA2000E19CA /* Release */,
			);
			defaultConfigurationIsVisible = 0;
			defaultConfigurationName = Release;
		};
		B638C65C275E6CA2000E19CA /* Build configuration list for PBXNativeTarget "GBShopUITests" */ = {
			isa = XCConfigurationList;
			buildConfigurations = (
				B638C65D275E6CA2000E19CA /* Debug */,
				B638C65E275E6CA2000E19CA /* Release */,
			);
			defaultConfigurationIsVisible = 0;
			defaultConfigurationName = Release;
		};
/* End XCConfigurationList section */
	};
	rootObject = B638C624275E6CA1000E19CA /* Project object */;
}
